
Microsoft Visual Studio Solution File, Format Version 11.00
# Visual Studio 2010
Project("{FAE04EC0-301F-11D3-BF4B-00C04F79EFBC}") = "Sample.MVCadastro-net.UI.Web", "Sample.MVCadastro-net.UI.Web\Sample.MVCadastro-net.UI.Web.csproj", "{6F2120E3-1526-40DF-ABE8-09487097F76E}"
EndProject
Project("{FAE04EC0-301F-11D3-BF4B-00C04F79EFBC}") = "Sample.MVCadastro-net.Controller", "Sample.MVCadastro-net.Controller\Sample.MVCadastro-net.Controller.csproj", "{CA62F9D7-88AE-40E8-98BE-F11212295675}"
EndProject
Project("{FAE04EC0-301F-11D3-BF4B-00C04F79EFBC}") = "Sample.MVCadastro-net.Model", "Sample.MVCadastro-net.Model\Sample.MVCadastro-net.Model.csproj", "{541919C7-229E-4CAC-B45B-EAD4C16DC887}"
EndProject
Global
	GlobalSection(SolutionConfigurationPlatforms) = preSolution
		Debug|Any CPU = Debug|Any CPU
		Release|Any CPU = Release|Any CPU
	EndGlobalSection
	GlobalSection(ProjectConfigurationPlatforms) = postSolution
		{6F2120E3-1526-40DF-ABE8-09487097F76E}.Debug|Any CPU.ActiveCfg = Debug|Any CPU
		{6F2120E3-1526-40DF-ABE8-09487097F76E}.Debug|Any CPU.Build.0 = Debug|Any CPU
		{6F2120E3-1526-40DF-ABE8-09487097F76E}.Release|Any CPU.ActiveCfg = Release|Any CPU
		{6F2120E3-1526-40DF-ABE8-09487097F76E}.Release|Any CPU.Build.0 = Release|Any CPU
		{CA62F9D7-88AE-40E8-98BE-F11212295675}.Debug|Any CPU.ActiveCfg = Debug|Any CPU
		{CA62F9D7-88AE-40E8-98BE-F11212295675}.Debug|Any CPU.Build.0 = Debug|Any CPU
		{CA62F9D7-88AE-40E8-98BE-F11212295675}.Release|Any CPU.ActiveCfg = Release|Any CPU
		{CA62F9D7-88AE-40E8-98BE-F11212295675}.Release|Any CPU.Build.0 = Release|Any CPU
		{541919C7-229E-4CAC-B45B-EAD4C16DC887}.Debug|Any CPU.ActiveCfg = Debug|Any CPU
		{541919C7-229E-4CAC-B45B-EAD4C16DC887}.Debug|Any CPU.Build.0 = Debug|Any CPU
		{541919C7-229E-4CAC-B45B-EAD4C16DC887}.Release|Any CPU.ActiveCfg = Release|Any CPU
		{541919C7-229E-4CAC-B45B-EAD4C16DC887}.Release|Any CPU.Build.0 = Release|Any CPU
	EndGlobalSection
	GlobalSection(SolutionProperties) = preSolution
		HideSolutionNode = FALSE
	EndGlobalSection
EndGlobal
