
Microsoft Visual Studio Solution File, Format Version 11.00
# Visual Studio 2010
Project("{FAE04EC0-301F-11D3-BF4B-00C04F79EFBC}") = "Sample.Kadastro.UI.Web", "Sample.Kadastro.UI.Web\Sample.Kadastro.UI.Web.csproj", "{F82242B5-B961-4984-AC5E-AA5EC52322DB}"
EndProject
Project("{FAE04EC0-301F-11D3-BF4B-00C04F79EFBC}") = "Sample.Kadastro.Aplicacao", "Sample.Kadastro.Aplicacao\Sample.Kadastro.Aplicacao.csproj", "{2CE992D3-B093-42F7-909D-527BD2E484EA}"
EndProject
Project("{FAE04EC0-301F-11D3-BF4B-00C04F79EFBC}") = "Sample.Kadastro.Dominio", "Sample.Kadastro.Dominio\Sample.Kadastro.Dominio.csproj", "{767BEBEC-8C07-4A1D-9088-F89C43B7F43B}"
EndProject
Project("{FAE04EC0-301F-11D3-BF4B-00C04F79EFBC}") = "Sample.Kadastro.Infraestrutura.Comuns", "Sample.Kadastro.Infraestrutura.Comuns\Sample.Kadastro.Infraestrutura.Comuns.csproj", "{E7AF83A6-AFAA-498F-AADF-60968755B49A}"
EndProject
Project("{FAE04EC0-301F-11D3-BF4B-00C04F79EFBC}") = "Sample.Kadastro.Infraestrutura.Persistencia", "Sample.Kadastro.Infraestrutura.Persistencia\Sample.Kadastro.Infraestrutura.Persistencia.csproj", "{C9532547-3844-4A72-A2FF-6187EAA7833C}"
EndProject
Project("{FAE04EC0-301F-11D3-BF4B-00C04F79EFBC}") = "Sample.Kadastro.ServicoDistribuido", "Sample.Kadastro.ServicoDistribuido\Sample.Kadastro.ServicoDistribuido.csproj", "{AFFED738-91DC-4AC4-88E8-7BD0850316AB}"
EndProject
Project("{2150E333-8FDC-42A3-9474-1A3956D46DE8}") = "0 - Gerenciamento de Dependências", "0 - Gerenciamento de Dependências", "{99ADA083-5B33-404C-9FA4-B5B208C6854F}"
EndProject
Project("{2150E333-8FDC-42A3-9474-1A3956D46DE8}") = "1 - Arquitetura e Design", "1 - Arquitetura e Design", "{4CB3141E-74E8-493B-8435-5DE275ECB9FF}"
EndProject
Project("{2150E333-8FDC-42A3-9474-1A3956D46DE8}") = "2 - Camadas", "2 - Camadas", "{A84545D7-1AD9-4844-93FC-4004FA3238B8}"
EndProject
Project("{2150E333-8FDC-42A3-9474-1A3956D46DE8}") = "3 - Qualidade", "3 - Qualidade", "{91BAD9B5-6D8F-4523-B2DD-3692963F5EA2}"
EndProject
Project("{2150E333-8FDC-42A3-9474-1A3956D46DE8}") = "3.1 - Testes Unitários", "3.1 - Testes Unitários", "{22D6B85E-4E0E-4296-941C-12AFF252D927}"
EndProject
Project("{2150E333-8FDC-42A3-9474-1A3956D46DE8}") = "3.2 - Testes de Carga", "3.2 - Testes de Carga", "{8D944634-1691-46F0-BC1B-27596B756897}"
EndProject
Project("{2150E333-8FDC-42A3-9474-1A3956D46DE8}") = "3.3 - Testes Automatizados", "3.3 - Testes Automatizados", "{BCEC52F0-4988-4C84-896B-C6A36A3C89D6}"
EndProject
Project("{2150E333-8FDC-42A3-9474-1A3956D46DE8}") = "2.1 - Apresentação", "2.1 - Apresentação", "{F4C9F588-1399-4B22-B4DE-4F72EF4028F4}"
EndProject
Project("{2150E333-8FDC-42A3-9474-1A3956D46DE8}") = "2.2 - Serviços Distribuidos", "2.2 - Serviços Distribuidos", "{77012D2A-22CC-4E3B-876F-76D83F30DFA9}"
EndProject
Project("{2150E333-8FDC-42A3-9474-1A3956D46DE8}") = "2.3 - Aplicação", "2.3 - Aplicação", "{A8D2573E-7B86-4A25-BF31-4AB13B890548}"
EndProject
Project("{2150E333-8FDC-42A3-9474-1A3956D46DE8}") = "2.4 - Domínio", "2.4 - Domínio", "{708D9501-CA3E-4A64-9E09-B9D0056C6BB7}"
EndProject
Project("{2150E333-8FDC-42A3-9474-1A3956D46DE8}") = "2.5 - Infraestrutura de Persistência", "2.5 - Infraestrutura de Persistência", "{E5AE1BD5-1C40-4984-9D95-6646CCEE05A9}"
EndProject
Project("{2150E333-8FDC-42A3-9474-1A3956D46DE8}") = "2.6 - Infraestrutura Vertical", "2.6 - Infraestrutura Vertical", "{6B9DAAC9-DB9C-4C24-B37A-9A4E8C6D8255}"
EndProject
Project("{FAE04EC0-301F-11D3-BF4B-00C04F79EFBC}") = "Sample.Kadastro.UI.Web.Controller", "Sample.Kadastro.UI.Web.Controller\Sample.Kadastro.UI.Web.Controller.csproj", "{172F98B9-B546-4949-A343-7C5DD97CB766}"
EndProject
Project("{FAE04EC0-301F-11D3-BF4B-00C04F79EFBC}") = "Sample.Kadastro.Infraestrutura.Persistencia.Teste", "Sample.Kadastro.Infraestrutura.Persistencia.Teste\Sample.Kadastro.Infraestrutura.Persistencia.Teste.csproj", "{DFD6E5DF-50E8-48E6-9317-BDE8203F7E53}"
EndProject
Project("{FAE04EC0-301F-11D3-BF4B-00C04F79EFBC}") = "Sample.Kadastro.Dominio.Teste", "Sample.Kadastro.Dominio.Teste\Sample.Kadastro.Dominio.Teste.csproj", "{8E471B9F-B0DC-4070-A1B7-18EAEEE32BC6}"
EndProject
Project("{FAE04EC0-301F-11D3-BF4B-00C04F79EFBC}") = "Sample.Kadastro.Aplicacao.Teste", "Sample.Kadastro.Aplicacao.Teste\Sample.Kadastro.Aplicacao.Teste.csproj", "{F57680B6-C454-411A-8C85-0D3E4BACD429}"
EndProject
Global
	GlobalSection(TestCaseManagementSettings) = postSolution
		CategoryFile = Sample.Kadastro.vsmdi
	EndGlobalSection
	GlobalSection(SolutionConfigurationPlatforms) = preSolution
		Debug|Any CPU = Debug|Any CPU
		Release|Any CPU = Release|Any CPU
		Work|Any CPU = Work|Any CPU
	EndGlobalSection
	GlobalSection(ProjectConfigurationPlatforms) = postSolution
		{F82242B5-B961-4984-AC5E-AA5EC52322DB}.Debug|Any CPU.ActiveCfg = Debug|Any CPU
		{F82242B5-B961-4984-AC5E-AA5EC52322DB}.Debug|Any CPU.Build.0 = Debug|Any CPU
		{F82242B5-B961-4984-AC5E-AA5EC52322DB}.Release|Any CPU.ActiveCfg = Release|Any CPU
		{F82242B5-B961-4984-AC5E-AA5EC52322DB}.Release|Any CPU.Build.0 = Release|Any CPU
		{F82242B5-B961-4984-AC5E-AA5EC52322DB}.Work|Any CPU.ActiveCfg = Work|Any CPU
		{F82242B5-B961-4984-AC5E-AA5EC52322DB}.Work|Any CPU.Build.0 = Work|Any CPU
		{2CE992D3-B093-42F7-909D-527BD2E484EA}.Debug|Any CPU.ActiveCfg = Debug|Any CPU
		{2CE992D3-B093-42F7-909D-527BD2E484EA}.Debug|Any CPU.Build.0 = Debug|Any CPU
		{2CE992D3-B093-42F7-909D-527BD2E484EA}.Release|Any CPU.ActiveCfg = Release|Any CPU
		{2CE992D3-B093-42F7-909D-527BD2E484EA}.Release|Any CPU.Build.0 = Release|Any CPU
		{2CE992D3-B093-42F7-909D-527BD2E484EA}.Work|Any CPU.ActiveCfg = Work|Any CPU
		{2CE992D3-B093-42F7-909D-527BD2E484EA}.Work|Any CPU.Build.0 = Work|Any CPU
		{767BEBEC-8C07-4A1D-9088-F89C43B7F43B}.Debug|Any CPU.ActiveCfg = Debug|Any CPU
		{767BEBEC-8C07-4A1D-9088-F89C43B7F43B}.Debug|Any CPU.Build.0 = Debug|Any CPU
		{767BEBEC-8C07-4A1D-9088-F89C43B7F43B}.Release|Any CPU.ActiveCfg = Release|Any CPU
		{767BEBEC-8C07-4A1D-9088-F89C43B7F43B}.Release|Any CPU.Build.0 = Release|Any CPU
		{767BEBEC-8C07-4A1D-9088-F89C43B7F43B}.Work|Any CPU.ActiveCfg = Work|Any CPU
		{767BEBEC-8C07-4A1D-9088-F89C43B7F43B}.Work|Any CPU.Build.0 = Work|Any CPU
		{E7AF83A6-AFAA-498F-AADF-60968755B49A}.Debug|Any CPU.ActiveCfg = Debug|Any CPU
		{E7AF83A6-AFAA-498F-AADF-60968755B49A}.Debug|Any CPU.Build.0 = Debug|Any CPU
		{E7AF83A6-AFAA-498F-AADF-60968755B49A}.Release|Any CPU.ActiveCfg = Release|Any CPU
		{E7AF83A6-AFAA-498F-AADF-60968755B49A}.Release|Any CPU.Build.0 = Release|Any CPU
		{E7AF83A6-AFAA-498F-AADF-60968755B49A}.Work|Any CPU.ActiveCfg = Work|Any CPU
		{E7AF83A6-AFAA-498F-AADF-60968755B49A}.Work|Any CPU.Build.0 = Work|Any CPU
		{C9532547-3844-4A72-A2FF-6187EAA7833C}.Debug|Any CPU.ActiveCfg = Debug|Any CPU
		{C9532547-3844-4A72-A2FF-6187EAA7833C}.Debug|Any CPU.Build.0 = Debug|Any CPU
		{C9532547-3844-4A72-A2FF-6187EAA7833C}.Release|Any CPU.ActiveCfg = Release|Any CPU
		{C9532547-3844-4A72-A2FF-6187EAA7833C}.Release|Any CPU.Build.0 = Release|Any CPU
		{C9532547-3844-4A72-A2FF-6187EAA7833C}.Work|Any CPU.ActiveCfg = Work|Any CPU
		{C9532547-3844-4A72-A2FF-6187EAA7833C}.Work|Any CPU.Build.0 = Work|Any CPU
		{AFFED738-91DC-4AC4-88E8-7BD0850316AB}.Debug|Any CPU.ActiveCfg = Debug|Any CPU
		{AFFED738-91DC-4AC4-88E8-7BD0850316AB}.Debug|Any CPU.Build.0 = Debug|Any CPU
		{AFFED738-91DC-4AC4-88E8-7BD0850316AB}.Release|Any CPU.ActiveCfg = Release|Any CPU
		{AFFED738-91DC-4AC4-88E8-7BD0850316AB}.Release|Any CPU.Build.0 = Release|Any CPU
		{AFFED738-91DC-4AC4-88E8-7BD0850316AB}.Work|Any CPU.ActiveCfg = Work|Any CPU
		{AFFED738-91DC-4AC4-88E8-7BD0850316AB}.Work|Any CPU.Build.0 = Work|Any CPU
		{172F98B9-B546-4949-A343-7C5DD97CB766}.Debug|Any CPU.ActiveCfg = Debug|Any CPU
		{172F98B9-B546-4949-A343-7C5DD97CB766}.Debug|Any CPU.Build.0 = Debug|Any CPU
		{172F98B9-B546-4949-A343-7C5DD97CB766}.Release|Any CPU.ActiveCfg = Release|Any CPU
		{172F98B9-B546-4949-A343-7C5DD97CB766}.Release|Any CPU.Build.0 = Release|Any CPU
		{172F98B9-B546-4949-A343-7C5DD97CB766}.Work|Any CPU.ActiveCfg = Work|Any CPU
		{172F98B9-B546-4949-A343-7C5DD97CB766}.Work|Any CPU.Build.0 = Work|Any CPU
		{DFD6E5DF-50E8-48E6-9317-BDE8203F7E53}.Debug|Any CPU.ActiveCfg = Debug|Any CPU
		{DFD6E5DF-50E8-48E6-9317-BDE8203F7E53}.Debug|Any CPU.Build.0 = Debug|Any CPU
		{DFD6E5DF-50E8-48E6-9317-BDE8203F7E53}.Release|Any CPU.ActiveCfg = Release|Any CPU
		{DFD6E5DF-50E8-48E6-9317-BDE8203F7E53}.Release|Any CPU.Build.0 = Release|Any CPU
		{DFD6E5DF-50E8-48E6-9317-BDE8203F7E53}.Work|Any CPU.ActiveCfg = Work|Any CPU
		{DFD6E5DF-50E8-48E6-9317-BDE8203F7E53}.Work|Any CPU.Build.0 = Work|Any CPU
		{8E471B9F-B0DC-4070-A1B7-18EAEEE32BC6}.Debug|Any CPU.ActiveCfg = Debug|Any CPU
		{8E471B9F-B0DC-4070-A1B7-18EAEEE32BC6}.Debug|Any CPU.Build.0 = Debug|Any CPU
		{8E471B9F-B0DC-4070-A1B7-18EAEEE32BC6}.Release|Any CPU.ActiveCfg = Release|Any CPU
		{8E471B9F-B0DC-4070-A1B7-18EAEEE32BC6}.Release|Any CPU.Build.0 = Release|Any CPU
		{8E471B9F-B0DC-4070-A1B7-18EAEEE32BC6}.Work|Any CPU.ActiveCfg = Work|Any CPU
		{8E471B9F-B0DC-4070-A1B7-18EAEEE32BC6}.Work|Any CPU.Build.0 = Work|Any CPU
		{F57680B6-C454-411A-8C85-0D3E4BACD429}.Debug|Any CPU.ActiveCfg = Debug|Any CPU
		{F57680B6-C454-411A-8C85-0D3E4BACD429}.Debug|Any CPU.Build.0 = Debug|Any CPU
		{F57680B6-C454-411A-8C85-0D3E4BACD429}.Release|Any CPU.ActiveCfg = Release|Any CPU
		{F57680B6-C454-411A-8C85-0D3E4BACD429}.Release|Any CPU.Build.0 = Release|Any CPU
		{F57680B6-C454-411A-8C85-0D3E4BACD429}.Work|Any CPU.ActiveCfg = Work|Any CPU
		{F57680B6-C454-411A-8C85-0D3E4BACD429}.Work|Any CPU.Build.0 = Work|Any CPU
	EndGlobalSection
	GlobalSection(SolutionProperties) = preSolution
		HideSolutionNode = FALSE
	EndGlobalSection
	GlobalSection(NestedProjects) = preSolution
		{A8D2573E-7B86-4A25-BF31-4AB13B890548} = {A84545D7-1AD9-4844-93FC-4004FA3238B8}
		{708D9501-CA3E-4A64-9E09-B9D0056C6BB7} = {A84545D7-1AD9-4844-93FC-4004FA3238B8}
		{6B9DAAC9-DB9C-4C24-B37A-9A4E8C6D8255} = {A84545D7-1AD9-4844-93FC-4004FA3238B8}
		{E5AE1BD5-1C40-4984-9D95-6646CCEE05A9} = {A84545D7-1AD9-4844-93FC-4004FA3238B8}
		{77012D2A-22CC-4E3B-876F-76D83F30DFA9} = {A84545D7-1AD9-4844-93FC-4004FA3238B8}
		{F4C9F588-1399-4B22-B4DE-4F72EF4028F4} = {A84545D7-1AD9-4844-93FC-4004FA3238B8}
		{2CE992D3-B093-42F7-909D-527BD2E484EA} = {A8D2573E-7B86-4A25-BF31-4AB13B890548}
		{767BEBEC-8C07-4A1D-9088-F89C43B7F43B} = {708D9501-CA3E-4A64-9E09-B9D0056C6BB7}
		{E7AF83A6-AFAA-498F-AADF-60968755B49A} = {6B9DAAC9-DB9C-4C24-B37A-9A4E8C6D8255}
		{C9532547-3844-4A72-A2FF-6187EAA7833C} = {E5AE1BD5-1C40-4984-9D95-6646CCEE05A9}
		{AFFED738-91DC-4AC4-88E8-7BD0850316AB} = {77012D2A-22CC-4E3B-876F-76D83F30DFA9}
		{F82242B5-B961-4984-AC5E-AA5EC52322DB} = {F4C9F588-1399-4B22-B4DE-4F72EF4028F4}
		{172F98B9-B546-4949-A343-7C5DD97CB766} = {F4C9F588-1399-4B22-B4DE-4F72EF4028F4}
		{22D6B85E-4E0E-4296-941C-12AFF252D927} = {91BAD9B5-6D8F-4523-B2DD-3692963F5EA2}
		{8D944634-1691-46F0-BC1B-27596B756897} = {91BAD9B5-6D8F-4523-B2DD-3692963F5EA2}
		{BCEC52F0-4988-4C84-896B-C6A36A3C89D6} = {91BAD9B5-6D8F-4523-B2DD-3692963F5EA2}
		{DFD6E5DF-50E8-48E6-9317-BDE8203F7E53} = {22D6B85E-4E0E-4296-941C-12AFF252D927}
		{8E471B9F-B0DC-4070-A1B7-18EAEEE32BC6} = {22D6B85E-4E0E-4296-941C-12AFF252D927}
		{F57680B6-C454-411A-8C85-0D3E4BACD429} = {22D6B85E-4E0E-4296-941C-12AFF252D927}
	EndGlobalSection
	GlobalSection(ExtensibilityGlobals) = postSolution
		EnterpriseLibraryConfigurationToolBinariesPath = packages\Unity.2.1.505.2\lib\NET35
	EndGlobalSection
EndGlobal
